
Microsoft Visual Studio Solution File, Format Version 12.00
# Visual Studio 2013
VisualStudioVersion = 12.0.40629.0
MinimumVisualStudioVersion = 10.0.40219.1
Project("{8BC9CEB8-8B4A-11D0-8D11-00A0C91BC942}") = "task1-2", "task1\task1.vcxproj", "{0F46DB37-6E79-4B26-AAEC-31AF85CAF1AB}"
EndProject
Project("{8BC9CEB8-8B4A-11D0-8D11-00A0C91BC942}") = "task3", "task3\task3.vcxproj", "{6991713B-BF55-404C-A540-F1AC2B0BB444}"
EndProject
Project("{8BC9CEB8-8B4A-11D0-8D11-00A0C91BC942}") = "task4", "task4\task4.vcxproj", "{4F62B794-019B-4BF5-93DC-3C9BE9B5F5CF}"
EndProject
Project("{8BC9CEB8-8B4A-11D0-8D11-00A0C91BC942}") = "task5", "task5\task5.vcxproj", "{6D84BEAD-D8DF-4B51-8206-2618DC19F76A}"
EndProject
Project("{8BC9CEB8-8B4A-11D0-8D11-00A0C91BC942}") = "task6", "task6\task6.vcxproj", "{080DEB06-8FC9-4927-B3F5-8FD9ABE806EA}"
EndProject
Global
	GlobalSection(SolutionConfigurationPlatforms) = preSolution
		Debug|Win32 = Debug|Win32
		Release|Win32 = Release|Win32
	EndGlobalSection
	GlobalSection(ProjectConfigurationPlatforms) = postSolution
		{0F46DB37-6E79-4B26-AAEC-31AF85CAF1AB}.Debug|Win32.ActiveCfg = Debug|Win32
		{0F46DB37-6E79-4B26-AAEC-31AF85CAF1AB}.Debug|Win32.Build.0 = Debug|Win32
		{0F46DB37-6E79-4B26-AAEC-31AF85CAF1AB}.Release|Win32.ActiveCfg = Release|Win32
		{0F46DB37-6E79-4B26-AAEC-31AF85CAF1AB}.Release|Win32.Build.0 = Release|Win32
		{6991713B-BF55-404C-A540-F1AC2B0BB444}.Debug|Win32.ActiveCfg = Debug|Win32
		{6991713B-BF55-404C-A540-F1AC2B0BB444}.Debug|Win32.Build.0 = Debug|Win32
		{6991713B-BF55-404C-A540-F1AC2B0BB444}.Release|Win32.ActiveCfg = Release|Win32
		{6991713B-BF55-404C-A540-F1AC2B0BB444}.Release|Win32.Build.0 = Release|Win32
		{4F62B794-019B-4BF5-93DC-3C9BE9B5F5CF}.Debug|Win32.ActiveCfg = Debug|Win32
		{4F62B794-019B-4BF5-93DC-3C9BE9B5F5CF}.Debug|Win32.Build.0 = Debug|Win32
		{4F62B794-019B-4BF5-93DC-3C9BE9B5F5CF}.Release|Win32.ActiveCfg = Release|Win32
		{4F62B794-019B-4BF5-93DC-3C9BE9B5F5CF}.Release|Win32.Build.0 = Release|Win32
		{6D84BEAD-D8DF-4B51-8206-2618DC19F76A}.Debug|Win32.ActiveCfg = Debug|Win32
		{6D84BEAD-D8DF-4B51-8206-2618DC19F76A}.Debug|Win32.Build.0 = Debug|Win32
		{6D84BEAD-D8DF-4B51-8206-2618DC19F76A}.Release|Win32.ActiveCfg = Release|Win32
		{6D84BEAD-D8DF-4B51-8206-2618DC19F76A}.Release|Win32.Build.0 = Release|Win32
		{080DEB06-8FC9-4927-B3F5-8FD9ABE806EA}.Debug|Win32.ActiveCfg = Debug|Win32
		{080DEB06-8FC9-4927-B3F5-8FD9ABE806EA}.Debug|Win32.Build.0 = Debug|Win32
		{080DEB06-8FC9-4927-B3F5-8FD9ABE806EA}.Release|Win32.ActiveCfg = Release|Win32
		{080DEB06-8FC9-4927-B3F5-8FD9ABE806EA}.Release|Win32.Build.0 = Release|Win32
	EndGlobalSection
	GlobalSection(SolutionProperties) = preSolution
		HideSolutionNode = FALSE
	EndGlobalSection
EndGlobal
